// !$*UTF8*$!
{
	archiveVersion = 1;
	classes = {
	};
	objectVersion = 56;
	objects = {

/* Begin PBXBuildFile section */
		E40EA18229655CC30055C297 /* TimerSetupper.swift in Sources */ = {isa = PBXBuildFile; fileRef = E40EA18129655CC30055C297 /* TimerSetupper.swift */; };
		E45160D9295DA72B00791D8F /* AppModel.swift in Sources */ = {isa = PBXBuildFile; fileRef = E45160D8295DA72B00791D8F /* AppModel.swift */; };
		E4786B01296EE93400CB24E7 /* Constants.swift in Sources */ = {isa = PBXBuildFile; fileRef = E4786B00296EE93400CB24E7 /* Constants.swift */; };
		E4786B03296EE9B200CB24E7 /* AppDelegate+Extension.swift in Sources */ = {isa = PBXBuildFile; fileRef = E4786B02296EE9B200CB24E7 /* AppDelegate+Extension.swift */; };
		E4834F052970307D00117146 /* AppCellPresenter.swift in Sources */ = {isa = PBXBuildFile; fileRef = E4834F042970307D00117146 /* AppCellPresenter.swift */; };
		E4834F0F2970564D00117146 /* AppTableViewCellProtocols.swift in Sources */ = {isa = PBXBuildFile; fileRef = E4834F0E2970564D00117146 /* AppTableViewCellProtocols.swift */; };
		E499D87929713E4500D614E7 /* MainPresenterProtocol.swift in Sources */ = {isa = PBXBuildFile; fileRef = E499D87829713E4500D614E7 /* MainPresenterProtocol.swift */; };
		E499D87B29713E8200D614E7 /* AppViewProtocol.swift in Sources */ = {isa = PBXBuildFile; fileRef = E499D87A29713E8200D614E7 /* AppViewProtocol.swift */; };
		E499D87D29714CA300D614E7 /* AppCellViewProtocol.swift in Sources */ = {isa = PBXBuildFile; fileRef = E499D87C29714CA300D614E7 /* AppCellViewProtocol.swift */; };
		E499D8802971814D00D614E7 /* NSButton+Extension.swift in Sources */ = {isa = PBXBuildFile; fileRef = E499D87F2971814D00D614E7 /* NSButton+Extension.swift */; };
		E4A9ED7F295DA42200B3CDC2 /* AppDelegate.swift in Sources */ = {isa = PBXBuildFile; fileRef = E4A9ED7E295DA42200B3CDC2 /* AppDelegate.swift */; };
		E4A9ED81295DA42200B3CDC2 /* MainViewController.swift in Sources */ = {isa = PBXBuildFile; fileRef = E4A9ED80295DA42200B3CDC2 /* MainViewController.swift */; };
		E4A9ED83295DA42200B3CDC2 /* Assets.xcassets in Resources */ = {isa = PBXBuildFile; fileRef = E4A9ED82295DA42200B3CDC2 /* Assets.xcassets */; };
		E4A9ED86295DA42200B3CDC2 /* Main.storyboard in Resources */ = {isa = PBXBuildFile; fileRef = E4A9ED84295DA42200B3CDC2 /* Main.storyboard */; };
		E4B409E82962BCF300B0219F /* AppTableCellView.swift in Sources */ = {isa = PBXBuildFile; fileRef = E4B409E72962BCF300B0219F /* AppTableCellView.swift */; };
		E4B409EA2962C3E900B0219F /* MainPresenter.swift in Sources */ = {isa = PBXBuildFile; fileRef = E4B409E92962C3E900B0219F /* MainPresenter.swift */; };
		E4B409ED2962C9BD00B0219F /* ModuleBuilder.swift in Sources */ = {isa = PBXBuildFile; fileRef = E4B409EC2962C9BD00B0219F /* ModuleBuilder.swift */; };
		E4B409EF2962D31700B0219F /* Logger.swift in Sources */ = {isa = PBXBuildFile; fileRef = E4B409EE2962D31700B0219F /* Logger.swift */; };
		E4B409F12962D6FA00B0219F /* CPULoader.swift in Sources */ = {isa = PBXBuildFile; fileRef = E4B409F02962D6FA00B0219F /* CPULoader.swift */; };
		E4EC7A33296455FB000D320D /* NSMenu+Extension.swift in Sources */ = {isa = PBXBuildFile; fileRef = E4EC7A32296455FB000D320D /* NSMenu+Extension.swift */; };
/* End PBXBuildFile section */

/* Begin PBXFileReference section */
		E40EA18129655CC30055C297 /* TimerSetupper.swift */ = {isa = PBXFileReference; lastKnownFileType = sourcecode.swift; path = TimerSetupper.swift; sourceTree = "<group>"; };
		E45160D8295DA72B00791D8F /* AppModel.swift */ = {isa = PBXFileReference; lastKnownFileType = sourcecode.swift; path = AppModel.swift; sourceTree = "<group>"; };
		E4786B00296EE93400CB24E7 /* Constants.swift */ = {isa = PBXFileReference; lastKnownFileType = sourcecode.swift; path = Constants.swift; sourceTree = "<group>"; };
		E4786B02296EE9B200CB24E7 /* AppDelegate+Extension.swift */ = {isa = PBXFileReference; lastKnownFileType = sourcecode.swift; path = "AppDelegate+Extension.swift"; sourceTree = "<group>"; };
		E4834F042970307D00117146 /* AppCellPresenter.swift */ = {isa = PBXFileReference; lastKnownFileType = sourcecode.swift; path = AppCellPresenter.swift; sourceTree = "<group>"; };
		E4834F0E2970564D00117146 /* AppTableViewCellProtocols.swift */ = {isa = PBXFileReference; lastKnownFileType = sourcecode.swift; path = AppTableViewCellProtocols.swift; sourceTree = "<group>"; };
		E499D87829713E4500D614E7 /* MainPresenterProtocol.swift */ = {isa = PBXFileReference; lastKnownFileType = sourcecode.swift; path = MainPresenterProtocol.swift; sourceTree = "<group>"; };
		E499D87A29713E8200D614E7 /* AppViewProtocol.swift */ = {isa = PBXFileReference; lastKnownFileType = sourcecode.swift; path = AppViewProtocol.swift; sourceTree = "<group>"; };
		E499D87C29714CA300D614E7 /* AppCellViewProtocol.swift */ = {isa = PBXFileReference; lastKnownFileType = sourcecode.swift; path = AppCellViewProtocol.swift; sourceTree = "<group>"; };
		E499D87F2971814D00D614E7 /* NSButton+Extension.swift */ = {isa = PBXFileReference; lastKnownFileType = sourcecode.swift; path = "NSButton+Extension.swift"; sourceTree = "<group>"; };
		E4A9ED7B295DA42200B3CDC2 /* QuitForce.app */ = {isa = PBXFileReference; explicitFileType = wrapper.application; includeInIndex = 0; path = QuitForce.app; sourceTree = BUILT_PRODUCTS_DIR; };
		E4A9ED7E295DA42200B3CDC2 /* AppDelegate.swift */ = {isa = PBXFileReference; lastKnownFileType = sourcecode.swift; path = AppDelegate.swift; sourceTree = "<group>"; };
		E4A9ED80295DA42200B3CDC2 /* MainViewController.swift */ = {isa = PBXFileReference; lastKnownFileType = sourcecode.swift; path = MainViewController.swift; sourceTree = "<group>"; };
		E4A9ED82295DA42200B3CDC2 /* Assets.xcassets */ = {isa = PBXFileReference; lastKnownFileType = folder.assetcatalog; path = Assets.xcassets; sourceTree = "<group>"; };
		E4A9ED85295DA42200B3CDC2 /* Base */ = {isa = PBXFileReference; lastKnownFileType = file.storyboard; name = Base; path = Base.lproj/Main.storyboard; sourceTree = "<group>"; };
		E4A9ED87295DA42200B3CDC2 /* QuitForce.entitlements */ = {isa = PBXFileReference; lastKnownFileType = text.plist.entitlements; path = QuitForce.entitlements; sourceTree = "<group>"; };
		E4B409E72962BCF300B0219F /* AppTableCellView.swift */ = {isa = PBXFileReference; lastKnownFileType = sourcecode.swift; path = AppTableCellView.swift; sourceTree = "<group>"; };
		E4B409E92962C3E900B0219F /* MainPresenter.swift */ = {isa = PBXFileReference; lastKnownFileType = sourcecode.swift; path = MainPresenter.swift; sourceTree = "<group>"; };
		E4B409EC2962C9BD00B0219F /* ModuleBuilder.swift */ = {isa = PBXFileReference; lastKnownFileType = sourcecode.swift; path = ModuleBuilder.swift; sourceTree = "<group>"; };
		E4B409EE2962D31700B0219F /* Logger.swift */ = {isa = PBXFileReference; lastKnownFileType = sourcecode.swift; path = Logger.swift; sourceTree = "<group>"; };
		E4B409F02962D6FA00B0219F /* CPULoader.swift */ = {isa = PBXFileReference; lastKnownFileType = sourcecode.swift; path = CPULoader.swift; sourceTree = "<group>"; };
		E4EC7A32296455FB000D320D /* NSMenu+Extension.swift */ = {isa = PBXFileReference; lastKnownFileType = sourcecode.swift; path = "NSMenu+Extension.swift"; sourceTree = "<group>"; };
/* End PBXFileReference section */

/* Begin PBXFrameworksBuildPhase section */
		E4A9ED78295DA42200B3CDC2 /* Frameworks */ = {
			isa = PBXFrameworksBuildPhase;
			buildActionMask = 2147483647;
			files = (
			);
			runOnlyForDeploymentPostprocessing = 0;
		};
/* End PBXFrameworksBuildPhase section */

/* Begin PBXGroup section */
		E45160D3295DA55700791D8F /* SupportingFiles */ = {
			isa = PBXGroup;
			children = (
				E4A9ED7E295DA42200B3CDC2 /* AppDelegate.swift */,
			);
			path = SupportingFiles;
			sourceTree = "<group>";
		};
		E45160D4295DA57800791D8F /* Resources */ = {
			isa = PBXGroup;
			children = (
				E4786B00296EE93400CB24E7 /* Constants.swift */,
				E4A9ED82295DA42200B3CDC2 /* Assets.xcassets */,
				E4A9ED87295DA42200B3CDC2 /* QuitForce.entitlements */,
			);
			path = Resources;
			sourceTree = "<group>";
		};
		E4834F062970551900117146 /* Modules */ = {
			isa = PBXGroup;
			children = (
				E4834F072970553400117146 /* MainFlow */,
			);
			path = Modules;
			sourceTree = "<group>";
		};
		E4834F072970553400117146 /* MainFlow */ = {
			isa = PBXGroup;
			children = (
				E4834F092970557E00117146 /* MainFlowHelpers */,
				E4834F082970555700117146 /* MainFlowCell */,
				E4A9ED80295DA42200B3CDC2 /* MainViewController.swift */,
				E4B409E92962C3E900B0219F /* MainPresenter.swift */,
				E499D87A29713E8200D614E7 /* AppViewProtocol.swift */,
				E499D87829713E4500D614E7 /* MainPresenterProtocol.swift */,
				E4A9ED84295DA42200B3CDC2 /* Main.storyboard */,
			);
			path = MainFlow;
			sourceTree = "<group>";
		};
		E4834F082970555700117146 /* MainFlowCell */ = {
			isa = PBXGroup;
			children = (
				E4B409E72962BCF300B0219F /* AppTableCellView.swift */,
				E4834F042970307D00117146 /* AppCellPresenter.swift */,
				E4834F0E2970564D00117146 /* AppTableViewCellProtocols.swift */,
				E499D87C29714CA300D614E7 /* AppCellViewProtocol.swift */,
			);
			path = MainFlowCell;
			sourceTree = "<group>";
		};
		E4834F092970557E00117146 /* MainFlowHelpers */ = {
			isa = PBXGroup;
			children = (
				E45160D8295DA72B00791D8F /* AppModel.swift */,
			);
			path = MainFlowHelpers;
			sourceTree = "<group>";
		};
		E4834F0A2970559900117146 /* Builder */ = {
			isa = PBXGroup;
			children = (
				E4B409EC2962C9BD00B0219F /* ModuleBuilder.swift */,
			);
			path = Builder;
			sourceTree = "<group>";
		};
		E4834F0B297055C100117146 /* Utils */ = {
			isa = PBXGroup;
			children = (
				E40EA18129655CC30055C297 /* TimerSetupper.swift */,
			);
			path = Utils;
			sourceTree = "<group>";
		};
		E4834F0C297055D900117146 /* Logger */ = {
			isa = PBXGroup;
			children = (
				E4B409EE2962D31700B0219F /* Logger.swift */,
			);
			path = Logger;
			sourceTree = "<group>";
		};
		E4834F0D297055E200117146 /* CPU */ = {
			isa = PBXGroup;
			children = (
				E4B409F02962D6FA00B0219F /* CPULoader.swift */,
			);
			path = CPU;
			sourceTree = "<group>";
		};
		E499D87E2971689C00D614E7 /* Cocoa */ = {
			isa = PBXGroup;
			children = (
				E4EC7A32296455FB000D320D /* NSMenu+Extension.swift */,
				E499D87F2971814D00D614E7 /* NSButton+Extension.swift */,
			);
			path = Cocoa;
			sourceTree = "<group>";
		};
		E4A9ED72295DA42200B3CDC2 = {
			isa = PBXGroup;
			children = (
				E4A9ED7D295DA42200B3CDC2 /* QuitForce */,
				E4A9ED7C295DA42200B3CDC2 /* Products */,
			);
			sourceTree = "<group>";
		};
		E4A9ED7C295DA42200B3CDC2 /* Products */ = {
			isa = PBXGroup;
			children = (
				E4A9ED7B295DA42200B3CDC2 /* QuitForce.app */,
			);
			name = Products;
			sourceTree = "<group>";
		};
		E4A9ED7D295DA42200B3CDC2 /* QuitForce */ = {
			isa = PBXGroup;
			children = (
				E4834F0B297055C100117146 /* Utils */,
				E4834F0A2970559900117146 /* Builder */,
				E4834F062970551900117146 /* Modules */,
				E45160D3295DA55700791D8F /* SupportingFiles */,
				E4B409EB2962C98B00B0219F /* Services */,
				E45160D4295DA57800791D8F /* Resources */,
				E4EC7A2D29645579000D320D /* Extensions */,
			);
			path = QuitForce;
			sourceTree = "<group>";
		};
		E4B409EB2962C98B00B0219F /* Services */ = {
			isa = PBXGroup;
			children = (
				E4834F0D297055E200117146 /* CPU */,
				E4834F0C297055D900117146 /* Logger */,
			);
			path = Services;
			sourceTree = "<group>";
		};
		E4EC7A2D29645579000D320D /* Extensions */ = {
			isa = PBXGroup;
			children = (
				E499D87E2971689C00D614E7 /* Cocoa */,
				E4786B02296EE9B200CB24E7 /* AppDelegate+Extension.swift */,
			);
			path = Extensions;
			sourceTree = "<group>";
		};
/* End PBXGroup section */

/* Begin PBXNativeTarget section */
		E4A9ED7A295DA42200B3CDC2 /* QuitForce */ = {
			isa = PBXNativeTarget;
			buildConfigurationList = E4A9ED8A295DA42200B3CDC2 /* Build configuration list for PBXNativeTarget "QuitForce" */;
			buildPhases = (
				E4A9ED77295DA42200B3CDC2 /* Sources */,
				E4A9ED78295DA42200B3CDC2 /* Frameworks */,
				E4A9ED79295DA42200B3CDC2 /* Resources */,
			);
			buildRules = (
			);
			dependencies = (
			);
			name = QuitForce;
			productName = QuitForce;
			productReference = E4A9ED7B295DA42200B3CDC2 /* QuitForce.app */;
			productType = "com.apple.product-type.application";
		};
/* End PBXNativeTarget section */

/* Begin PBXProject section */
		E4A9ED73295DA42200B3CDC2 /* Project object */ = {
			isa = PBXProject;
			attributes = {
				BuildIndependentTargetsInParallel = 1;
				LastSwiftUpdateCheck = 1420;
				LastUpgradeCheck = 1420;
				TargetAttributes = {
					E4A9ED7A295DA42200B3CDC2 = {
						CreatedOnToolsVersion = 14.2;
					};
				};
			};
			buildConfigurationList = E4A9ED76295DA42200B3CDC2 /* Build configuration list for PBXProject "QuitForce" */;
			compatibilityVersion = "Xcode 14.0";
			developmentRegion = en;
			hasScannedForEncodings = 0;
			knownRegions = (
				en,
				Base,
			);
			mainGroup = E4A9ED72295DA42200B3CDC2;
			productRefGroup = E4A9ED7C295DA42200B3CDC2 /* Products */;
			projectDirPath = "";
			projectRoot = "";
			targets = (
				E4A9ED7A295DA42200B3CDC2 /* QuitForce */,
			);
		};
/* End PBXProject section */

/* Begin PBXResourcesBuildPhase section */
		E4A9ED79295DA42200B3CDC2 /* Resources */ = {
			isa = PBXResourcesBuildPhase;
			buildActionMask = 2147483647;
			files = (
				E4A9ED83295DA42200B3CDC2 /* Assets.xcassets in Resources */,
				E4A9ED86295DA42200B3CDC2 /* Main.storyboard in Resources */,
			);
			runOnlyForDeploymentPostprocessing = 0;
		};
/* End PBXResourcesBuildPhase section */

/* Begin PBXSourcesBuildPhase section */
		E4A9ED77295DA42200B3CDC2 /* Sources */ = {
			isa = PBXSourcesBuildPhase;
			buildActionMask = 2147483647;
			files = (
				E499D87929713E4500D614E7 /* MainPresenterProtocol.swift in Sources */,
				E4B409EA2962C3E900B0219F /* MainPresenter.swift in Sources */,
				E4834F0F2970564D00117146 /* AppTableViewCellProtocols.swift in Sources */,
				E4786B01296EE93400CB24E7 /* Constants.swift in Sources */,
				E4EC7A33296455FB000D320D /* NSMenu+Extension.swift in Sources */,
				E4B409F12962D6FA00B0219F /* CPULoader.swift in Sources */,
				E4A9ED81295DA42200B3CDC2 /* MainViewController.swift in Sources */,
				E4B409E82962BCF300B0219F /* AppTableCellView.swift in Sources */,
				E40EA18229655CC30055C297 /* TimerSetupper.swift in Sources */,
				E45160D9295DA72B00791D8F /* AppModel.swift in Sources */,
				E499D87D29714CA300D614E7 /* AppCellViewProtocol.swift in Sources */,
				E4B409EF2962D31700B0219F /* Logger.swift in Sources */,
				E4834F052970307D00117146 /* AppCellPresenter.swift in Sources */,
				E4A9ED7F295DA42200B3CDC2 /* AppDelegate.swift in Sources */,
				E4786B03296EE9B200CB24E7 /* AppDelegate+Extension.swift in Sources */,
				E499D87B29713E8200D614E7 /* AppViewProtocol.swift in Sources */,
				E499D8802971814D00D614E7 /* NSButton+Extension.swift in Sources */,
				E4B409ED2962C9BD00B0219F /* ModuleBuilder.swift in Sources */,
			);
			runOnlyForDeploymentPostprocessing = 0;
		};
/* End PBXSourcesBuildPhase section */

/* Begin PBXVariantGroup section */
		E4A9ED84295DA42200B3CDC2 /* Main.storyboard */ = {
			isa = PBXVariantGroup;
			children = (
				E4A9ED85295DA42200B3CDC2 /* Base */,
			);
			name = Main.storyboard;
			sourceTree = "<group>";
		};
/* End PBXVariantGroup section */

/* Begin XCBuildConfiguration section */
		E4A9ED88295DA42200B3CDC2 /* Debug */ = {
			isa = XCBuildConfiguration;
			buildSettings = {
				ALWAYS_SEARCH_USER_PATHS = NO;
				CLANG_ANALYZER_NONNULL = YES;
				CLANG_ANALYZER_NUMBER_OBJECT_CONVERSION = YES_AGGRESSIVE;
				CLANG_CXX_LANGUAGE_STANDARD = "gnu++20";
				CLANG_ENABLE_MODULES = YES;
				CLANG_ENABLE_OBJC_ARC = YES;
				CLANG_ENABLE_OBJC_WEAK = YES;
				CLANG_WARN_BLOCK_CAPTURE_AUTORELEASING = YES;
				CLANG_WARN_BOOL_CONVERSION = YES;
				CLANG_WARN_COMMA = YES;
				CLANG_WARN_CONSTANT_CONVERSION = YES;
				CLANG_WARN_DEPRECATED_OBJC_IMPLEMENTATIONS = YES;
				CLANG_WARN_DIRECT_OBJC_ISA_USAGE = YES_ERROR;
				CLANG_WARN_DOCUMENTATION_COMMENTS = YES;
				CLANG_WARN_EMPTY_BODY = YES;
				CLANG_WARN_ENUM_CONVERSION = YES;
				CLANG_WARN_INFINITE_RECURSION = YES;
				CLANG_WARN_INT_CONVERSION = YES;
				CLANG_WARN_NON_LITERAL_NULL_CONVERSION = YES;
				CLANG_WARN_OBJC_IMPLICIT_RETAIN_SELF = YES;
				CLANG_WARN_OBJC_LITERAL_CONVERSION = YES;
				CLANG_WARN_OBJC_ROOT_CLASS = YES_ERROR;
				CLANG_WARN_QUOTED_INCLUDE_IN_FRAMEWORK_HEADER = YES;
				CLANG_WARN_RANGE_LOOP_ANALYSIS = YES;
				CLANG_WARN_STRICT_PROTOTYPES = YES;
				CLANG_WARN_SUSPICIOUS_MOVE = YES;
				CLANG_WARN_UNGUARDED_AVAILABILITY = YES_AGGRESSIVE;
				CLANG_WARN_UNREACHABLE_CODE = YES;
				CLANG_WARN__DUPLICATE_METHOD_MATCH = YES;
				COPY_PHASE_STRIP = NO;
				DEBUG_INFORMATION_FORMAT = dwarf;
				ENABLE_STRICT_OBJC_MSGSEND = YES;
				ENABLE_TESTABILITY = YES;
				GCC_C_LANGUAGE_STANDARD = gnu11;
				GCC_DYNAMIC_NO_PIC = NO;
				GCC_NO_COMMON_BLOCKS = YES;
				GCC_OPTIMIZATION_LEVEL = 0;
				GCC_PREPROCESSOR_DEFINITIONS = (
					"DEBUG=1",
					"$(inherited)",
				);
				GCC_WARN_64_TO_32_BIT_CONVERSION = YES;
				GCC_WARN_ABOUT_RETURN_TYPE = YES_ERROR;
				GCC_WARN_UNDECLARED_SELECTOR = YES;
				GCC_WARN_UNINITIALIZED_AUTOS = YES_AGGRESSIVE;
				GCC_WARN_UNUSED_FUNCTION = YES;
				GCC_WARN_UNUSED_VARIABLE = YES;
				MACOSX_DEPLOYMENT_TARGET = 12.5;
				MTL_ENABLE_DEBUG_INFO = INCLUDE_SOURCE;
				MTL_FAST_MATH = YES;
				ONLY_ACTIVE_ARCH = YES;
				SDKROOT = macosx;
				SWIFT_ACTIVE_COMPILATION_CONDITIONS = DEBUG;
				SWIFT_OPTIMIZATION_LEVEL = "-Onone";
			};
			name = Debug;
		};
		E4A9ED89295DA42200B3CDC2 /* Release */ = {
			isa = XCBuildConfiguration;
			buildSettings = {
				ALWAYS_SEARCH_USER_PATHS = NO;
				CLANG_ANALYZER_NONNULL = YES;
				CLANG_ANALYZER_NUMBER_OBJECT_CONVERSION = YES_AGGRESSIVE;
				CLANG_CXX_LANGUAGE_STANDARD = "gnu++20";
				CLANG_ENABLE_MODULES = YES;
				CLANG_ENABLE_OBJC_ARC = YES;
				CLANG_ENABLE_OBJC_WEAK = YES;
				CLANG_WARN_BLOCK_CAPTURE_AUTORELEASING = YES;
				CLANG_WARN_BOOL_CONVERSION = YES;
				CLANG_WARN_COMMA = YES;
				CLANG_WARN_CONSTANT_CONVERSION = YES;
				CLANG_WARN_DEPRECATED_OBJC_IMPLEMENTATIONS = YES;
				CLANG_WARN_DIRECT_OBJC_ISA_USAGE = YES_ERROR;
				CLANG_WARN_DOCUMENTATION_COMMENTS = YES;
				CLANG_WARN_EMPTY_BODY = YES;
				CLANG_WARN_ENUM_CONVERSION = YES;
				CLANG_WARN_INFINITE_RECURSION = YES;
				CLANG_WARN_INT_CONVERSION = YES;
				CLANG_WARN_NON_LITERAL_NULL_CONVERSION = YES;
				CLANG_WARN_OBJC_IMPLICIT_RETAIN_SELF = YES;
				CLANG_WARN_OBJC_LITERAL_CONVERSION = YES;
				CLANG_WARN_OBJC_ROOT_CLASS = YES_ERROR;
				CLANG_WARN_QUOTED_INCLUDE_IN_FRAMEWORK_HEADER = YES;
				CLANG_WARN_RANGE_LOOP_ANALYSIS = YES;
				CLANG_WARN_STRICT_PROTOTYPES = YES;
				CLANG_WARN_SUSPICIOUS_MOVE = YES;
				CLANG_WARN_UNGUARDED_AVAILABILITY = YES_AGGRESSIVE;
				CLANG_WARN_UNREACHABLE_CODE = YES;
				CLANG_WARN__DUPLICATE_METHOD_MATCH = YES;
				COPY_PHASE_STRIP = NO;
				DEBUG_INFORMATION_FORMAT = "dwarf-with-dsym";
				ENABLE_NS_ASSERTIONS = NO;
				ENABLE_STRICT_OBJC_MSGSEND = YES;
				GCC_C_LANGUAGE_STANDARD = gnu11;
				GCC_NO_COMMON_BLOCKS = YES;
				GCC_WARN_64_TO_32_BIT_CONVERSION = YES;
				GCC_WARN_ABOUT_RETURN_TYPE = YES_ERROR;
				GCC_WARN_UNDECLARED_SELECTOR = YES;
				GCC_WARN_UNINITIALIZED_AUTOS = YES_AGGRESSIVE;
				GCC_WARN_UNUSED_FUNCTION = YES;
				GCC_WARN_UNUSED_VARIABLE = YES;
				MACOSX_DEPLOYMENT_TARGET = 12.5;
				MTL_ENABLE_DEBUG_INFO = NO;
				MTL_FAST_MATH = YES;
				SDKROOT = macosx;
				SWIFT_COMPILATION_MODE = wholemodule;
				SWIFT_OPTIMIZATION_LEVEL = "-O";
			};
			name = Release;
		};
		E4A9ED8B295DA42200B3CDC2 /* Debug */ = {
			isa = XCBuildConfiguration;
			buildSettings = {
				ASSETCATALOG_COMPILER_APPICON_NAME = AppIcon;
				ASSETCATALOG_COMPILER_GLOBAL_ACCENT_COLOR_NAME = AccentColor;
				CODE_SIGN_ENTITLEMENTS = QuitForce/Resources/QuitForce.entitlements;
				CODE_SIGN_STYLE = Automatic;
				COMBINE_HIDPI_IMAGES = YES;
				CURRENT_PROJECT_VERSION = 1;
				DEVELOPMENT_TEAM = 782LZFBU26;
				ENABLE_HARDENED_RUNTIME = YES;
				GENERATE_INFOPLIST_FILE = YES;
				INFOPLIST_KEY_NSHumanReadableCopyright = "";
				INFOPLIST_KEY_NSMainStoryboardFile = Main;
				INFOPLIST_KEY_NSPrincipalClass = NSApplication;
				LD_RUNPATH_SEARCH_PATHS = (
					"$(inherited)",
					"@executable_path/../Frameworks",
				);
				MACOSX_DEPLOYMENT_TARGET = 12.2;
				MARKETING_VERSION = 1.0;
				PRODUCT_BUNDLE_IDENTIFIER = by.scooterminsk.QuitForce;
				PRODUCT_NAME = "$(TARGET_NAME)";
				SWIFT_EMIT_LOC_STRINGS = YES;
				SWIFT_VERSION = 5.0;
			};
			name = Debug;
		};
		E4A9ED8C295DA42200B3CDC2 /* Release */ = {
			isa = XCBuildConfiguration;
			buildSettings = {
				ASSETCATALOG_COMPILER_APPICON_NAME = AppIcon;
				ASSETCATALOG_COMPILER_GLOBAL_ACCENT_COLOR_NAME = AccentColor;
				CODE_SIGN_ENTITLEMENTS = QuitForce/Resources/QuitForce.entitlements;
				CODE_SIGN_STYLE = Automatic;
				COMBINE_HIDPI_IMAGES = YES;
				CURRENT_PROJECT_VERSION = 1;
				DEVELOPMENT_TEAM = 782LZFBU26;
				ENABLE_HARDENED_RUNTIME = YES;
				GENERATE_INFOPLIST_FILE = YES;
				INFOPLIST_KEY_NSHumanReadableCopyright = "";
				INFOPLIST_KEY_NSMainStoryboardFile = Main;
				INFOPLIST_KEY_NSPrincipalClass = NSApplication;
				LD_RUNPATH_SEARCH_PATHS = (
					"$(inherited)",
					"@executable_path/../Frameworks",
				);
				MACOSX_DEPLOYMENT_TARGET = 12.2;
				MARKETING_VERSION = 1.0;
				PRODUCT_BUNDLE_IDENTIFIER = by.scooterminsk.QuitForce;
				PRODUCT_NAME = "$(TARGET_NAME)";
				SWIFT_EMIT_LOC_STRINGS = YES;
				SWIFT_VERSION = 5.0;
			};
			name = Release;
		};
/* End XCBuildConfiguration section */

/* Begin XCConfigurationList section */
		E4A9ED76295DA42200B3CDC2 /* Build configuration list for PBXProject "QuitForce" */ = {
			isa = XCConfigurationList;
			buildConfigurations = (
				E4A9ED88295DA42200B3CDC2 /* Debug */,
				E4A9ED89295DA42200B3CDC2 /* Release */,
			);
			defaultConfigurationIsVisible = 0;
			defaultConfigurationName = Release;
		};
		E4A9ED8A295DA42200B3CDC2 /* Build configuration list for PBXNativeTarget "QuitForce" */ = {
			isa = XCConfigurationList;
			buildConfigurations = (
				E4A9ED8B295DA42200B3CDC2 /* Debug */,
				E4A9ED8C295DA42200B3CDC2 /* Release */,
			);
			defaultConfigurationIsVisible = 0;
			defaultConfigurationName = Release;
		};
/* End XCConfigurationList section */
	};
	rootObject = E4A9ED73295DA42200B3CDC2 /* Project object */;
}
